
Microsoft Visual Studio Solution File, Format Version 12.00
# Visual Studio 15
VisualStudioVersion = 15.0.28307.852
MinimumVisualStudioVersion = 10.0.40219.1
Project("{FAE04EC0-301F-11D3-BF4B-00C04F79EFBC}") = "Evento", "Evento\Evento.csproj", "{4CC26E52-2B5B-4A2B-8AA0-32FCDD308E51}"
EndProject
Global
	GlobalSection(SolutionConfigurationPlatforms) = preSolution
		Debug|Any CPU = Debug|Any CPU
		Release|Any CPU = Release|Any CPU
	EndGlobalSection
	GlobalSection(ProjectConfigurationPlatforms) = postSolution
		{4CC26E52-2B5B-4A2B-8AA0-32FCDD308E51}.Debug|Any CPU.ActiveCfg = Debug|Any CPU
		{4CC26E52-2B5B-4A2B-8AA0-32FCDD308E51}.Debug|Any CPU.Build.0 = Debug|Any CPU
		{4CC26E52-2B5B-4A2B-8AA0-32FCDD308E51}.Release|Any CPU.ActiveCfg = Release|Any CPU
		{4CC26E52-2B5B-4A2B-8AA0-32FCDD308E51}.Release|Any CPU.Build.0 = Release|Any CPU
	EndGlobalSection
	GlobalSection(SolutionProperties) = preSolution
		HideSolutionNode = FALSE
	EndGlobalSection
	GlobalSection(ExtensibilityGlobals) = postSolution
		SolutionGuid = {8E1792F4-EF0D-41FF-AF05-3F2AA2104B87}
	EndGlobalSection
EndGlobal
